
Microsoft Visual Studio Solution File, Format Version 12.00
# Visual Studio Version 16
VisualStudioVersion = 16.0.30711.63
MinimumVisualStudioVersion = 10.0.40219.1
Project("{FAE04EC0-301F-11D3-BF4B-00C04F79EFBC}") = "Advent_Day1", "Advent_Day1\Advent_Day1.csproj", "{24080024-73A8-4130-BBA3-218ECD0DA802}"
EndProject
Global
	GlobalSection(SolutionConfigurationPlatforms) = preSolution
		Debug|Any CPU = Debug|Any CPU
		Release|Any CPU = Release|Any CPU
	EndGlobalSection
	GlobalSection(ProjectConfigurationPlatforms) = postSolution
		{24080024-73A8-4130-BBA3-218ECD0DA802}.Debug|Any CPU.ActiveCfg = Debug|Any CPU
		{24080024-73A8-4130-BBA3-218ECD0DA802}.Debug|Any CPU.Build.0 = Debug|Any CPU
		{24080024-73A8-4130-BBA3-218ECD0DA802}.Release|Any CPU.ActiveCfg = Release|Any CPU
		{24080024-73A8-4130-BBA3-218ECD0DA802}.Release|Any CPU.Build.0 = Release|Any CPU
	EndGlobalSection
	GlobalSection(SolutionProperties) = preSolution
		HideSolutionNode = FALSE
	EndGlobalSection
	GlobalSection(ExtensibilityGlobals) = postSolution
		SolutionGuid = {30B71515-E9C6-4855-9D4F-C63689F3F782}
	EndGlobalSection
EndGlobal
